dependencies:
- name: account-service
  repository: file://charts/account-service
  version: 0.1.0
- name: cash-service
  repository: file://charts/cash-service
  version: 0.1.0
- name: transfer-service
  repository: file://charts/transfer-service
  version: 0.1.0
- name: notifications-service
  repository: file://charts/notifications-service
  version: 0.1.0
- name: gateway-service
  repository: file://charts/gateway-service
  version: 0.1.0
- name: front-service
  repository: file://charts/front-service
  version: 0.1.0
- name: postgresql
  repository: oci://registry-1.docker.io/bitnamicharts
  version: 18.4.0
- name: postgresql
  repository: oci://registry-1.docker.io/bitnamicharts
  version: 18.4.0
- name: keycloak
  repository: oci://registry-1.docker.io/bitnamicharts
  version: 25.2.0
- name: kafka
  repository: oci://registry-1.docker.io/bitnamicharts
  version: 32.4.3
digest: sha256:795c70556e85f381f7d811b52414a8d52d528154633ecb75cea1157e1f89ef59
generated: "2026-03-05T12:21:58.7452456+05:00"
