dependencies:
- name: account-service
  repository: file://charts/account-service
  version: 0.1.0
- name: cash-service
  repository: file://charts/cash-service
  version: 0.1.0
- name: transfer-service
  repository: file://charts/transfer-service
  version: 0.1.0
- name: notifications-service
  repository: file://charts/notifications-service
  version: 0.1.0
- name: gateway-service
  repository: file://charts/gateway-service
  version: 0.1.0
- name: front-service
  repository: file://charts/front-service
  version: 0.1.0
- name: postgresql
  repository: oci://registry-1.docker.io/bitnamicharts
  version: 18.4.0
- name: postgresql
  repository: oci://registry-1.docker.io/bitnamicharts
  version: 18.4.0
- name: keycloak
  repository: oci://registry-1.docker.io/bitnamicharts
  version: 25.2.0
- name: kafka
  repository: oci://registry-1.docker.io/bitnamicharts
  version: 32.4.3
- name: zipkin
  repository: file://charts/zipkin
  version: 0.1.0
- name: prometheus
  repository: file://charts/prometheus
  version: 0.1.0
- name: grafana
  repository: file://charts/grafana
  version: 0.1.0
- name: elasticsearch
  repository: file://charts/elasticsearch
  version: 0.1.0
- name: logstash
  repository: file://charts/logstash
  version: 0.1.0
- name: kibana
  repository: file://charts/kibana
  version: 0.1.0
- name: filebeat
  repository: file://charts/filebeat
  version: 0.1.0
digest: sha256:bbb498417bb534aa3fabc197aae7a9e2da6b4b5b0880ca150fcc4d9666a8cea9
generated: "2026-03-09T22:22:54.9574352+05:00"
